
Microsoft Visual Studio Solution File, Format Version 12.00
# Visual Studio Version 17
VisualStudioVersion = 17.4.33122.133
MinimumVisualStudioVersion = 10.0.40219.1
Project("{8BC9CEB8-8B4A-11D0-8D11-00A0C91BC942}") = "2ApiFileWriteRead+", "Work\Work.vcxproj", "{27077598-1CFE-4652-9B26-BD2A95EB9E2C}"
EndProject
Project("{8BC9CEB8-8B4A-11D0-8D11-00A0C91BC942}") = "9BufferRead+", "BufferRead\BufferRead.vcxproj", "{16673F40-37B9-4C8E-9940-8F9811744890}"
EndProject
Project("{8BC9CEB8-8B4A-11D0-8D11-00A0C91BC942}") = "4CodeKeyASCII-", "4CodeKeyASCII\4CodeKeyASCII.vcxproj", "{18084833-CB3D-4698-B0D0-73AB752D560E}"
EndProject
Project("{8BC9CEB8-8B4A-11D0-8D11-00A0C91BC942}") = "8WriteBuffer+", "8WriteBuffer\8WriteBuffer.vcxproj", "{5D6D266A-EA45-4A8C-B21B-DC770B147C7A}"
EndProject
Project("{8BC9CEB8-8B4A-11D0-8D11-00A0C91BC942}") = "10CritSection+", "10CritSection\10CritSection.vcxproj", "{2E204FA9-72C6-419F-883E-B79620129B03}"
EndProject
Project("{8BC9CEB8-8B4A-11D0-8D11-00A0C91BC942}") = "12ReditReadWriteStr+", "12ReditReadWriteStr+\12ReditReadWriteStr+.vcxproj", "{71B8E3DA-59D1-49F8-BB47-A7ED0CA1A27E}"
EndProject
Project("{8BC9CEB8-8B4A-11D0-8D11-00A0C91BC942}") = "13LogKeyCounClick+", "13LogKeyCounClick\13LogKeyCounClick.vcxproj", "{1CFEB437-F419-4498-BCF3-2AA45B133A1C}"
EndProject
Project("{8BC9CEB8-8B4A-11D0-8D11-00A0C91BC942}") = "15RegReadWriteDword+", "15RegReadWriteDword\15RegReadWriteDword.vcxproj", "{64F34546-95E5-4F8B-AF46-466A925445BC}"
EndProject
Project("{8BC9CEB8-8B4A-11D0-8D11-00A0C91BC942}") = "16SeconderHtread+", "16SeconderHtread\16SeconderHtread.vcxproj", "{A82D1809-E033-4C37-A3F4-843A85A2858A}"
EndProject
Project("{8BC9CEB8-8B4A-11D0-8D11-00A0C91BC942}") = "17FuctorhTread+", "17FuctorhTread\17FuctorhTread.vcxproj", "{53C42E72-20A3-4894-B24A-00A549986AF5}"
EndProject
Project("{8BC9CEB8-8B4A-11D0-8D11-00A0C91BC942}") = "22PipeSeverClient+", "22PipeSeverClient\22PipeSeverClient.vcxproj", "{EAD24169-CF64-4BDD-B8F0-5EEC98929A9A}"
EndProject
Project("{8BC9CEB8-8B4A-11D0-8D11-00A0C91BC942}") = "23LOS+", "23LOS\23LOS.vcxproj", "{96E2D247-8F77-4D08-BF73-9626313B255F}"
EndProject
Project("{8BC9CEB8-8B4A-11D0-8D11-00A0C91BC942}") = "24FileBin+", "24FileBin\24FileBin.vcxproj", "{4ACD90FB-43C1-4C8C-BB64-06B7D1192A18}"
EndProject
Project("{8BC9CEB8-8B4A-11D0-8D11-00A0C91BC942}") = "27AnonimPipe+", "27AnonimPipe\27AnonimPipe.vcxproj", "{1BF1FAF6-D56C-4C35-B314-ADB956FB85D1}"
EndProject
Project("{8BC9CEB8-8B4A-11D0-8D11-00A0C91BC942}") = "21DLL+", "21DLL\21DLL.vcxproj", "{76F7358A-92BA-4510-99A0-51123E12C88C}"
EndProject
Project("{8BC9CEB8-8B4A-11D0-8D11-00A0C91BC942}") = "3GetNameKey+", "3GetNameKey\3GetNameKey.vcxproj", "{FE14AF9A-21DB-4900-B6CC-831DE291125C}"
EndProject
Project("{8BC9CEB8-8B4A-11D0-8D11-00A0C91BC942}") = "5ConvertIntToCharConcntSrt+", "5ConvertIntToCharConcntSrt\5ConvertIntToCharConcntSrt.vcxproj", "{25AAB728-1A16-4055-A7D3-CE0A6EEE6281}"
EndProject
Project("{8BC9CEB8-8B4A-11D0-8D11-00A0C91BC942}") = "7StrToInt+", "7StrToInt\7StrToInt.vcxproj", "{C6EACEDF-6E3F-48BE-BA8B-EF4D90564E40}"
EndProject
Project("{8BC9CEB8-8B4A-11D0-8D11-00A0C91BC942}") = "26FuncYka3", "26FuncYka3\26FuncYka3.vcxproj", "{23C58EF7-7070-4C86-8FCA-32BEE2CFF31F}"
EndProject
Project("{8BC9CEB8-8B4A-11D0-8D11-00A0C91BC942}") = "25ConsoleYtil-", "25ConsoleYtil\25ConsoleYtil.vcxproj", "{98067E80-57B9-4C03-A148-E28920F2DB5D}"
EndProject
Project("{8BC9CEB8-8B4A-11D0-8D11-00A0C91BC942}") = "19StartProcces-", "19StartProcces\19StartProcces.vcxproj", "{B53BED50-717F-403C-B16B-4C51AA65ADBA}"
EndProject
Project("{8BC9CEB8-8B4A-11D0-8D11-00A0C91BC942}") = "14BufferTradeProcces", "14BufferTradeProcces\14BufferTradeProcces.vcxproj", "{39269243-3E88-4F70-8848-915DDA13A55F}"
EndProject
Global
	GlobalSection(SolutionConfigurationPlatforms) = preSolution
		Debug|x64 = Debug|x64
		Debug|x86 = Debug|x86
		Release|x64 = Release|x64
		Release|x86 = Release|x86
	EndGlobalSection
	GlobalSection(ProjectConfigurationPlatforms) = postSolution
		{27077598-1CFE-4652-9B26-BD2A95EB9E2C}.Debug|x64.ActiveCfg = Debug|x64
		{27077598-1CFE-4652-9B26-BD2A95EB9E2C}.Debug|x64.Build.0 = Debug|x64
		{27077598-1CFE-4652-9B26-BD2A95EB9E2C}.Debug|x86.ActiveCfg = Debug|Win32
		{27077598-1CFE-4652-9B26-BD2A95EB9E2C}.Debug|x86.Build.0 = Debug|Win32
		{27077598-1CFE-4652-9B26-BD2A95EB9E2C}.Release|x64.ActiveCfg = Release|x64
		{27077598-1CFE-4652-9B26-BD2A95EB9E2C}.Release|x64.Build.0 = Release|x64
		{27077598-1CFE-4652-9B26-BD2A95EB9E2C}.Release|x86.ActiveCfg = Release|Win32
		{27077598-1CFE-4652-9B26-BD2A95EB9E2C}.Release|x86.Build.0 = Release|Win32
		{16673F40-37B9-4C8E-9940-8F9811744890}.Debug|x64.ActiveCfg = Debug|x64
		{16673F40-37B9-4C8E-9940-8F9811744890}.Debug|x64.Build.0 = Debug|x64
		{16673F40-37B9-4C8E-9940-8F9811744890}.Debug|x86.ActiveCfg = Debug|Win32
		{16673F40-37B9-4C8E-9940-8F9811744890}.Debug|x86.Build.0 = Debug|Win32
		{16673F40-37B9-4C8E-9940-8F9811744890}.Release|x64.ActiveCfg = Release|x64
		{16673F40-37B9-4C8E-9940-8F9811744890}.Release|x64.Build.0 = Release|x64
		{16673F40-37B9-4C8E-9940-8F9811744890}.Release|x86.ActiveCfg = Release|Win32
		{16673F40-37B9-4C8E-9940-8F9811744890}.Release|x86.Build.0 = Release|Win32
		{18084833-CB3D-4698-B0D0-73AB752D560E}.Debug|x64.ActiveCfg = Debug|x64
		{18084833-CB3D-4698-B0D0-73AB752D560E}.Debug|x64.Build.0 = Debug|x64
		{18084833-CB3D-4698-B0D0-73AB752D560E}.Debug|x86.ActiveCfg = Debug|Win32
		{18084833-CB3D-4698-B0D0-73AB752D560E}.Debug|x86.Build.0 = Debug|Win32
		{18084833-CB3D-4698-B0D0-73AB752D560E}.Release|x64.ActiveCfg = Release|x64
		{18084833-CB3D-4698-B0D0-73AB752D560E}.Release|x64.Build.0 = Release|x64
		{18084833-CB3D-4698-B0D0-73AB752D560E}.Release|x86.ActiveCfg = Release|Win32
		{18084833-CB3D-4698-B0D0-73AB752D560E}.Release|x86.Build.0 = Release|Win32
		{5D6D266A-EA45-4A8C-B21B-DC770B147C7A}.Debug|x64.ActiveCfg = Debug|x64
		{5D6D266A-EA45-4A8C-B21B-DC770B147C7A}.Debug|x64.Build.0 = Debug|x64
		{5D6D266A-EA45-4A8C-B21B-DC770B147C7A}.Debug|x86.ActiveCfg = Debug|Win32
		{5D6D266A-EA45-4A8C-B21B-DC770B147C7A}.Debug|x86.Build.0 = Debug|Win32
		{5D6D266A-EA45-4A8C-B21B-DC770B147C7A}.Release|x64.ActiveCfg = Release|x64
		{5D6D266A-EA45-4A8C-B21B-DC770B147C7A}.Release|x64.Build.0 = Release|x64
		{5D6D266A-EA45-4A8C-B21B-DC770B147C7A}.Release|x86.ActiveCfg = Release|Win32
		{5D6D266A-EA45-4A8C-B21B-DC770B147C7A}.Release|x86.Build.0 = Release|Win32
		{2E204FA9-72C6-419F-883E-B79620129B03}.Debug|x64.ActiveCfg = Debug|x64
		{2E204FA9-72C6-419F-883E-B79620129B03}.Debug|x64.Build.0 = Debug|x64
		{2E204FA9-72C6-419F-883E-B79620129B03}.Debug|x86.ActiveCfg = Debug|Win32
		{2E204FA9-72C6-419F-883E-B79620129B03}.Debug|x86.Build.0 = Debug|Win32
		{2E204FA9-72C6-419F-883E-B79620129B03}.Release|x64.ActiveCfg = Release|x64
		{2E204FA9-72C6-419F-883E-B79620129B03}.Release|x64.Build.0 = Release|x64
		{2E204FA9-72C6-419F-883E-B79620129B03}.Release|x86.ActiveCfg = Release|Win32
		{2E204FA9-72C6-419F-883E-B79620129B03}.Release|x86.Build.0 = Release|Win32
		{71B8E3DA-59D1-49F8-BB47-A7ED0CA1A27E}.Debug|x64.ActiveCfg = Debug|x64
		{71B8E3DA-59D1-49F8-BB47-A7ED0CA1A27E}.Debug|x64.Build.0 = Debug|x64
		{71B8E3DA-59D1-49F8-BB47-A7ED0CA1A27E}.Debug|x86.ActiveCfg = Debug|Win32
		{71B8E3DA-59D1-49F8-BB47-A7ED0CA1A27E}.Debug|x86.Build.0 = Debug|Win32
		{71B8E3DA-59D1-49F8-BB47-A7ED0CA1A27E}.Release|x64.ActiveCfg = Release|x64
		{71B8E3DA-59D1-49F8-BB47-A7ED0CA1A27E}.Release|x64.Build.0 = Release|x64
		{71B8E3DA-59D1-49F8-BB47-A7ED0CA1A27E}.Release|x86.ActiveCfg = Release|Win32
		{71B8E3DA-59D1-49F8-BB47-A7ED0CA1A27E}.Release|x86.Build.0 = Release|Win32
		{1CFEB437-F419-4498-BCF3-2AA45B133A1C}.Debug|x64.ActiveCfg = Debug|x64
		{1CFEB437-F419-4498-BCF3-2AA45B133A1C}.Debug|x64.Build.0 = Debug|x64
		{1CFEB437-F419-4498-BCF3-2AA45B133A1C}.Debug|x86.ActiveCfg = Debug|Win32
		{1CFEB437-F419-4498-BCF3-2AA45B133A1C}.Debug|x86.Build.0 = Debug|Win32
		{1CFEB437-F419-4498-BCF3-2AA45B133A1C}.Release|x64.ActiveCfg = Release|x64
		{1CFEB437-F419-4498-BCF3-2AA45B133A1C}.Release|x64.Build.0 = Release|x64
		{1CFEB437-F419-4498-BCF3-2AA45B133A1C}.Release|x86.ActiveCfg = Release|Win32
		{1CFEB437-F419-4498-BCF3-2AA45B133A1C}.Release|x86.Build.0 = Release|Win32
		{64F34546-95E5-4F8B-AF46-466A925445BC}.Debug|x64.ActiveCfg = Debug|x64
		{64F34546-95E5-4F8B-AF46-466A925445BC}.Debug|x64.Build.0 = Debug|x64
		{64F34546-95E5-4F8B-AF46-466A925445BC}.Debug|x86.ActiveCfg = Debug|Win32
		{64F34546-95E5-4F8B-AF46-466A925445BC}.Debug|x86.Build.0 = Debug|Win32
		{64F34546-95E5-4F8B-AF46-466A925445BC}.Release|x64.ActiveCfg = Release|x64
		{64F34546-95E5-4F8B-AF46-466A925445BC}.Release|x64.Build.0 = Release|x64
		{64F34546-95E5-4F8B-AF46-466A925445BC}.Release|x86.ActiveCfg = Release|Win32
		{64F34546-95E5-4F8B-AF46-466A925445BC}.Release|x86.Build.0 = Release|Win32
		{A82D1809-E033-4C37-A3F4-843A85A2858A}.Debug|x64.ActiveCfg = Debug|x64
		{A82D1809-E033-4C37-A3F4-843A85A2858A}.Debug|x64.Build.0 = Debug|x64
		{A82D1809-E033-4C37-A3F4-843A85A2858A}.Debug|x86.ActiveCfg = Debug|Win32
		{A82D1809-E033-4C37-A3F4-843A85A2858A}.Debug|x86.Build.0 = Debug|Win32
		{A82D1809-E033-4C37-A3F4-843A85A2858A}.Release|x64.ActiveCfg = Release|x64
		{A82D1809-E033-4C37-A3F4-843A85A2858A}.Release|x64.Build.0 = Release|x64
		{A82D1809-E033-4C37-A3F4-843A85A2858A}.Release|x86.ActiveCfg = Release|Win32
		{A82D1809-E033-4C37-A3F4-843A85A2858A}.Release|x86.Build.0 = Release|Win32
		{53C42E72-20A3-4894-B24A-00A549986AF5}.Debug|x64.ActiveCfg = Debug|x64
		{53C42E72-20A3-4894-B24A-00A549986AF5}.Debug|x64.Build.0 = Debug|x64
		{53C42E72-20A3-4894-B24A-00A549986AF5}.Debug|x86.ActiveCfg = Debug|Win32
		{53C42E72-20A3-4894-B24A-00A549986AF5}.Debug|x86.Build.0 = Debug|Win32
		{53C42E72-20A3-4894-B24A-00A549986AF5}.Release|x64.ActiveCfg = Release|x64
		{53C42E72-20A3-4894-B24A-00A549986AF5}.Release|x64.Build.0 = Release|x64
		{53C42E72-20A3-4894-B24A-00A549986AF5}.Release|x86.ActiveCfg = Release|Win32
		{53C42E72-20A3-4894-B24A-00A549986AF5}.Release|x86.Build.0 = Release|Win32
		{EAD24169-CF64-4BDD-B8F0-5EEC98929A9A}.Debug|x64.ActiveCfg = Debug|x64
		{EAD24169-CF64-4BDD-B8F0-5EEC98929A9A}.Debug|x64.Build.0 = Debug|x64
		{EAD24169-CF64-4BDD-B8F0-5EEC98929A9A}.Debug|x86.ActiveCfg = Debug|Win32
		{EAD24169-CF64-4BDD-B8F0-5EEC98929A9A}.Debug|x86.Build.0 = Debug|Win32
		{EAD24169-CF64-4BDD-B8F0-5EEC98929A9A}.Release|x64.ActiveCfg = Release|x64
		{EAD24169-CF64-4BDD-B8F0-5EEC98929A9A}.Release|x64.Build.0 = Release|x64
		{EAD24169-CF64-4BDD-B8F0-5EEC98929A9A}.Release|x86.ActiveCfg = Release|Win32
		{EAD24169-CF64-4BDD-B8F0-5EEC98929A9A}.Release|x86.Build.0 = Release|Win32
		{96E2D247-8F77-4D08-BF73-9626313B255F}.Debug|x64.ActiveCfg = Debug|x64
		{96E2D247-8F77-4D08-BF73-9626313B255F}.Debug|x64.Build.0 = Debug|x64
		{96E2D247-8F77-4D08-BF73-9626313B255F}.Debug|x86.ActiveCfg = Debug|Win32
		{96E2D247-8F77-4D08-BF73-9626313B255F}.Debug|x86.Build.0 = Debug|Win32
		{96E2D247-8F77-4D08-BF73-9626313B255F}.Release|x64.ActiveCfg = Release|x64
		{96E2D247-8F77-4D08-BF73-9626313B255F}.Release|x64.Build.0 = Release|x64
		{96E2D247-8F77-4D08-BF73-9626313B255F}.Release|x86.ActiveCfg = Release|Win32
		{96E2D247-8F77-4D08-BF73-9626313B255F}.Release|x86.Build.0 = Release|Win32
		{4ACD90FB-43C1-4C8C-BB64-06B7D1192A18}.Debug|x64.ActiveCfg = Debug|x64
		{4ACD90FB-43C1-4C8C-BB64-06B7D1192A18}.Debug|x64.Build.0 = Debug|x64
		{4ACD90FB-43C1-4C8C-BB64-06B7D1192A18}.Debug|x86.ActiveCfg = Debug|Win32
		{4ACD90FB-43C1-4C8C-BB64-06B7D1192A18}.Debug|x86.Build.0 = Debug|Win32
		{4ACD90FB-43C1-4C8C-BB64-06B7D1192A18}.Release|x64.ActiveCfg = Release|x64
		{4ACD90FB-43C1-4C8C-BB64-06B7D1192A18}.Release|x64.Build.0 = Release|x64
		{4ACD90FB-43C1-4C8C-BB64-06B7D1192A18}.Release|x86.ActiveCfg = Release|Win32
		{4ACD90FB-43C1-4C8C-BB64-06B7D1192A18}.Release|x86.Build.0 = Release|Win32
		{1BF1FAF6-D56C-4C35-B314-ADB956FB85D1}.Debug|x64.ActiveCfg = Debug|x64
		{1BF1FAF6-D56C-4C35-B314-ADB956FB85D1}.Debug|x64.Build.0 = Debug|x64
		{1BF1FAF6-D56C-4C35-B314-ADB956FB85D1}.Debug|x86.ActiveCfg = Debug|Win32
		{1BF1FAF6-D56C-4C35-B314-ADB956FB85D1}.Debug|x86.Build.0 = Debug|Win32
		{1BF1FAF6-D56C-4C35-B314-ADB956FB85D1}.Release|x64.ActiveCfg = Release|x64
		{1BF1FAF6-D56C-4C35-B314-ADB956FB85D1}.Release|x64.Build.0 = Release|x64
		{1BF1FAF6-D56C-4C35-B314-ADB956FB85D1}.Release|x86.ActiveCfg = Release|Win32
		{1BF1FAF6-D56C-4C35-B314-ADB956FB85D1}.Release|x86.Build.0 = Release|Win32
		{76F7358A-92BA-4510-99A0-51123E12C88C}.Debug|x64.ActiveCfg = Debug|x64
		{76F7358A-92BA-4510-99A0-51123E12C88C}.Debug|x64.Build.0 = Debug|x64
		{76F7358A-92BA-4510-99A0-51123E12C88C}.Debug|x86.ActiveCfg = Debug|Win32
		{76F7358A-92BA-4510-99A0-51123E12C88C}.Debug|x86.Build.0 = Debug|Win32
		{76F7358A-92BA-4510-99A0-51123E12C88C}.Release|x64.ActiveCfg = Release|x64
		{76F7358A-92BA-4510-99A0-51123E12C88C}.Release|x64.Build.0 = Release|x64
		{76F7358A-92BA-4510-99A0-51123E12C88C}.Release|x86.ActiveCfg = Release|Win32
		{76F7358A-92BA-4510-99A0-51123E12C88C}.Release|x86.Build.0 = Release|Win32
		{FE14AF9A-21DB-4900-B6CC-831DE291125C}.Debug|x64.ActiveCfg = Debug|x64
		{FE14AF9A-21DB-4900-B6CC-831DE291125C}.Debug|x64.Build.0 = Debug|x64
		{FE14AF9A-21DB-4900-B6CC-831DE291125C}.Debug|x86.ActiveCfg = Debug|Win32
		{FE14AF9A-21DB-4900-B6CC-831DE291125C}.Debug|x86.Build.0 = Debug|Win32
		{FE14AF9A-21DB-4900-B6CC-831DE291125C}.Release|x64.ActiveCfg = Release|x64
		{FE14AF9A-21DB-4900-B6CC-831DE291125C}.Release|x64.Build.0 = Release|x64
		{FE14AF9A-21DB-4900-B6CC-831DE291125C}.Release|x86.ActiveCfg = Release|Win32
		{FE14AF9A-21DB-4900-B6CC-831DE291125C}.Release|x86.Build.0 = Release|Win32
		{25AAB728-1A16-4055-A7D3-CE0A6EEE6281}.Debug|x64.ActiveCfg = Debug|x64
		{25AAB728-1A16-4055-A7D3-CE0A6EEE6281}.Debug|x64.Build.0 = Debug|x64
		{25AAB728-1A16-4055-A7D3-CE0A6EEE6281}.Debug|x86.ActiveCfg = Debug|Win32
		{25AAB728-1A16-4055-A7D3-CE0A6EEE6281}.Debug|x86.Build.0 = Debug|Win32
		{25AAB728-1A16-4055-A7D3-CE0A6EEE6281}.Release|x64.ActiveCfg = Release|x64
		{25AAB728-1A16-4055-A7D3-CE0A6EEE6281}.Release|x64.Build.0 = Release|x64
		{25AAB728-1A16-4055-A7D3-CE0A6EEE6281}.Release|x86.ActiveCfg = Release|Win32
		{25AAB728-1A16-4055-A7D3-CE0A6EEE6281}.Release|x86.Build.0 = Release|Win32
		{C6EACEDF-6E3F-48BE-BA8B-EF4D90564E40}.Debug|x64.ActiveCfg = Debug|x64
		{C6EACEDF-6E3F-48BE-BA8B-EF4D90564E40}.Debug|x64.Build.0 = Debug|x64
		{C6EACEDF-6E3F-48BE-BA8B-EF4D90564E40}.Debug|x86.ActiveCfg = Debug|Win32
		{C6EACEDF-6E3F-48BE-BA8B-EF4D90564E40}.Debug|x86.Build.0 = Debug|Win32
		{C6EACEDF-6E3F-48BE-BA8B-EF4D90564E40}.Release|x64.ActiveCfg = Release|x64
		{C6EACEDF-6E3F-48BE-BA8B-EF4D90564E40}.Release|x64.Build.0 = Release|x64
		{C6EACEDF-6E3F-48BE-BA8B-EF4D90564E40}.Release|x86.ActiveCfg = Release|Win32
		{C6EACEDF-6E3F-48BE-BA8B-EF4D90564E40}.Release|x86.Build.0 = Release|Win32
		{23C58EF7-7070-4C86-8FCA-32BEE2CFF31F}.Debug|x64.ActiveCfg = Debug|x64
		{23C58EF7-7070-4C86-8FCA-32BEE2CFF31F}.Debug|x64.Build.0 = Debug|x64
		{23C58EF7-7070-4C86-8FCA-32BEE2CFF31F}.Debug|x86.ActiveCfg = Debug|Win32
		{23C58EF7-7070-4C86-8FCA-32BEE2CFF31F}.Debug|x86.Build.0 = Debug|Win32
		{23C58EF7-7070-4C86-8FCA-32BEE2CFF31F}.Release|x64.ActiveCfg = Release|x64
		{23C58EF7-7070-4C86-8FCA-32BEE2CFF31F}.Release|x64.Build.0 = Release|x64
		{23C58EF7-7070-4C86-8FCA-32BEE2CFF31F}.Release|x86.ActiveCfg = Release|Win32
		{23C58EF7-7070-4C86-8FCA-32BEE2CFF31F}.Release|x86.Build.0 = Release|Win32
		{98067E80-57B9-4C03-A148-E28920F2DB5D}.Debug|x64.ActiveCfg = Debug|x64
		{98067E80-57B9-4C03-A148-E28920F2DB5D}.Debug|x64.Build.0 = Debug|x64
		{98067E80-57B9-4C03-A148-E28920F2DB5D}.Debug|x86.ActiveCfg = Debug|Win32
		{98067E80-57B9-4C03-A148-E28920F2DB5D}.Debug|x86.Build.0 = Debug|Win32
		{98067E80-57B9-4C03-A148-E28920F2DB5D}.Release|x64.ActiveCfg = Release|x64
		{98067E80-57B9-4C03-A148-E28920F2DB5D}.Release|x64.Build.0 = Release|x64
		{98067E80-57B9-4C03-A148-E28920F2DB5D}.Release|x86.ActiveCfg = Release|Win32
		{98067E80-57B9-4C03-A148-E28920F2DB5D}.Release|x86.Build.0 = Release|Win32
		{B53BED50-717F-403C-B16B-4C51AA65ADBA}.Debug|x64.ActiveCfg = Debug|x64
		{B53BED50-717F-403C-B16B-4C51AA65ADBA}.Debug|x64.Build.0 = Debug|x64
		{B53BED50-717F-403C-B16B-4C51AA65ADBA}.Debug|x86.ActiveCfg = Debug|Win32
		{B53BED50-717F-403C-B16B-4C51AA65ADBA}.Debug|x86.Build.0 = Debug|Win32
		{B53BED50-717F-403C-B16B-4C51AA65ADBA}.Release|x64.ActiveCfg = Release|x64
		{B53BED50-717F-403C-B16B-4C51AA65ADBA}.Release|x64.Build.0 = Release|x64
		{B53BED50-717F-403C-B16B-4C51AA65ADBA}.Release|x86.ActiveCfg = Release|Win32
		{B53BED50-717F-403C-B16B-4C51AA65ADBA}.Release|x86.Build.0 = Release|Win32
		{39269243-3E88-4F70-8848-915DDA13A55F}.Debug|x64.ActiveCfg = Debug|x64
		{39269243-3E88-4F70-8848-915DDA13A55F}.Debug|x64.Build.0 = Debug|x64
		{39269243-3E88-4F70-8848-915DDA13A55F}.Debug|x86.ActiveCfg = Debug|Win32
		{39269243-3E88-4F70-8848-915DDA13A55F}.Debug|x86.Build.0 = Debug|Win32
		{39269243-3E88-4F70-8848-915DDA13A55F}.Release|x64.ActiveCfg = Release|x64
		{39269243-3E88-4F70-8848-915DDA13A55F}.Release|x64.Build.0 = Release|x64
		{39269243-3E88-4F70-8848-915DDA13A55F}.Release|x86.ActiveCfg = Release|Win32
		{39269243-3E88-4F70-8848-915DDA13A55F}.Release|x86.Build.0 = Release|Win32
	EndGlobalSection
	GlobalSection(SolutionProperties) = preSolution
		HideSolutionNode = FALSE
	EndGlobalSection
	GlobalSection(ExtensibilityGlobals) = postSolution
		SolutionGuid = {9C040D61-A51F-4FB9-991F-2A19FC3B7921}
	EndGlobalSection
EndGlobal
